// !$*UTF8*$!
{
	archiveVersion = 1;
	classes = {
	};
	objectVersion = 56;
	objects = {

/* Begin PBXBuildFile section */
		97A646452ACA64E4001009E1 /* AppDelegate.swift in Sources */ = {isa = PBXBuildFile; fileRef = 97A646442ACA64E4001009E1 /* AppDelegate.swift */; };
		97A646472ACA64E4001009E1 /* ViewController.swift in Sources */ = {isa = PBXBuildFile; fileRef = 97A646462ACA64E4001009E1 /* ViewController.swift */; };
		97A646492ACA64E6001009E1 /* Assets.xcassets in Resources */ = {isa = PBXBuildFile; fileRef = 97A646482ACA64E6001009E1 /* Assets.xcassets */; };
		97A6464C2ACA64E6001009E1 /* Main.storyboard in Resources */ = {isa = PBXBuildFile; fileRef = 97A6464A2ACA64E6001009E1 /* Main.storyboard */; };
		97A646572ACA64E6001009E1 /* Core_DrawTests.swift in Sources */ = {isa = PBXBuildFile; fileRef = 97A646562ACA64E6001009E1 /* Core_DrawTests.swift */; };
		97A646612ACA64E6001009E1 /* Core_DrawUITests.swift in Sources */ = {isa = PBXBuildFile; fileRef = 97A646602ACA64E6001009E1 /* Core_DrawUITests.swift */; };
		97A646632ACA64E6001009E1 /* Core_DrawUITestsLaunchTests.swift in Sources */ = {isa = PBXBuildFile; fileRef = 97A646622ACA64E6001009E1 /* Core_DrawUITestsLaunchTests.swift */; };
/* End PBXBuildFile section */

/* Begin PBXContainerItemProxy section */
		97A646532ACA64E6001009E1 /* PBXContainerItemProxy */ = {
			isa = PBXContainerItemProxy;
			containerPortal = 97A646392ACA64E4001009E1 /* Project object */;
			proxyType = 1;
			remoteGlobalIDString = 97A646402ACA64E4001009E1;
			remoteInfo = "Core Draw";
		};
		97A6465D2ACA64E6001009E1 /* PBXContainerItemProxy */ = {
			isa = PBXContainerItemProxy;
			containerPortal = 97A646392ACA64E4001009E1 /* Project object */;
			proxyType = 1;
			remoteGlobalIDString = 97A646402ACA64E4001009E1;
			remoteInfo = "Core Draw";
		};
/* End PBXContainerItemProxy section */

/* Begin PBXFileReference section */
		97A646412ACA64E4001009E1 /* Core Draw.app */ = {isa = PBXFileReference; explicitFileType = wrapper.application; includeInIndex = 0; path = "Core Draw.app"; sourceTree = BUILT_PRODUCTS_DIR; };
		97A646442ACA64E4001009E1 /* AppDelegate.swift */ = {isa = PBXFileReference; lastKnownFileType = sourcecode.swift; path = AppDelegate.swift; sourceTree = "<group>"; };
		97A646462ACA64E4001009E1 /* ViewController.swift */ = {isa = PBXFileReference; lastKnownFileType = sourcecode.swift; path = ViewController.swift; sourceTree = "<group>"; };
		97A646482ACA64E6001009E1 /* Assets.xcassets */ = {isa = PBXFileReference; lastKnownFileType = folder.assetcatalog; path = Assets.xcassets; sourceTree = "<group>"; };
		97A6464B2ACA64E6001009E1 /* Base */ = {isa = PBXFileReference; lastKnownFileType = file.storyboard; name = Base; path = Base.lproj/Main.storyboard; sourceTree = "<group>"; };
		97A6464D2ACA64E6001009E1 /* Core_Draw.entitlements */ = {isa = PBXFileReference; lastKnownFileType = text.plist.entitlements; path = Core_Draw.entitlements; sourceTree = "<group>"; };
		97A646522ACA64E6001009E1 /* Core DrawTests.xctest */ = {isa = PBXFileReference; explicitFileType = wrapper.cfbundle; includeInIndex = 0; path = "Core DrawTests.xctest"; sourceTree = BUILT_PRODUCTS_DIR; };
		97A646562ACA64E6001009E1 /* Core_DrawTests.swift */ = {isa = PBXFileReference; lastKnownFileType = sourcecode.swift; path = Core_DrawTests.swift; sourceTree = "<group>"; };
		97A6465C2ACA64E6001009E1 /* Core DrawUITests.xctest */ = {isa = PBXFileReference; explicitFileType = wrapper.cfbundle; includeInIndex = 0; path = "Core DrawUITests.xctest"; sourceTree = BUILT_PRODUCTS_DIR; };
		97A646602ACA64E6001009E1 /* Core_DrawUITests.swift */ = {isa = PBXFileReference; lastKnownFileType = sourcecode.swift; path = Core_DrawUITests.swift; sourceTree = "<group>"; };
		97A646622ACA64E6001009E1 /* Core_DrawUITestsLaunchTests.swift */ = {isa = PBXFileReference; lastKnownFileType = sourcecode.swift; path = Core_DrawUITestsLaunchTests.swift; sourceTree = "<group>"; };
/* End PBXFileReference section */

/* Begin PBXFrameworksBuildPhase section */
		97A6463E2ACA64E4001009E1 /* Frameworks */ = {
			isa = PBXFrameworksBuildPhase;
			buildActionMask = 2147483647;
			files = (
			);
			runOnlyForDeploymentPostprocessing = 0;
		};
		97A6464F2ACA64E6001009E1 /* Frameworks */ = {
			isa = PBXFrameworksBuildPhase;
			buildActionMask = 2147483647;
			files = (
			);
			runOnlyForDeploymentPostprocessing = 0;
		};
		97A646592ACA64E6001009E1 /* Frameworks */ = {
			isa = PBXFrameworksBuildPhase;
			buildActionMask = 2147483647;
			files = (
			);
			runOnlyForDeploymentPostprocessing = 0;
		};
/* End PBXFrameworksBuildPhase section */

/* Begin PBXGroup section */
		97A646382ACA64E4001009E1 = {
			isa = PBXGroup;
			children = (
				97A646432ACA64E4001009E1 /* Core Draw */,
				97A646552ACA64E6001009E1 /* Core DrawTests */,
				97A6465F2ACA64E6001009E1 /* Core DrawUITests */,
				97A646422ACA64E4001009E1 /* Products */,
			);
			sourceTree = "<group>";
		};
		97A646422ACA64E4001009E1 /* Products */ = {
			isa = PBXGroup;
			children = (
				97A646412ACA64E4001009E1 /* Core Draw.app */,
				97A646522ACA64E6001009E1 /* Core DrawTests.xctest */,
				97A6465C2ACA64E6001009E1 /* Core DrawUITests.xctest */,
			);
			name = Products;
			sourceTree = "<group>";
		};
		97A646432ACA64E4001009E1 /* Core Draw */ = {
			isa = PBXGroup;
			children = (
				97A646442ACA64E4001009E1 /* AppDelegate.swift */,
				97A646462ACA64E4001009E1 /* ViewController.swift */,
				97A646482ACA64E6001009E1 /* Assets.xcassets */,
				97A6464A2ACA64E6001009E1 /* Main.storyboard */,
				97A6464D2ACA64E6001009E1 /* Core_Draw.entitlements */,
			);
			path = "Core Draw";
			sourceTree = "<group>";
		};
		97A646552ACA64E6001009E1 /* Core DrawTests */ = {
			isa = PBXGroup;
			children = (
				97A646562ACA64E6001009E1 /* Core_DrawTests.swift */,
			);
			path = "Core DrawTests";
			sourceTree = "<group>";
		};
		97A6465F2ACA64E6001009E1 /* Core DrawUITests */ = {
			isa = PBXGroup;
			children = (
				97A646602ACA64E6001009E1 /* Core_DrawUITests.swift */,
				97A646622ACA64E6001009E1 /* Core_DrawUITestsLaunchTests.swift */,
			);
			path = "Core DrawUITests";
			sourceTree = "<group>";
		};
/* End PBXGroup section */

/* Begin PBXNativeTarget section */
		97A646402ACA64E4001009E1 /* Core Draw */ = {
			isa = PBXNativeTarget;
			buildConfigurationList = 97A646662ACA64E6001009E1 /* Build configuration list for PBXNativeTarget "Core Draw" */;
			buildPhases = (
				97A6463D2ACA64E4001009E1 /* Sources */,
				97A6463E2ACA64E4001009E1 /* Frameworks */,
				97A6463F2ACA64E4001009E1 /* Resources */,
			);
			buildRules = (
			);
			dependencies = (
			);
			name = "Core Draw";
			productName = "Core Draw";
			productReference = 97A646412ACA64E4001009E1 /* Core Draw.app */;
			productType = "com.apple.product-type.application";
		};
		97A646512ACA64E6001009E1 /* Core DrawTests */ = {
			isa = PBXNativeTarget;
			buildConfigurationList = 97A646692ACA64E6001009E1 /* Build configuration list for PBXNativeTarget "Core DrawTests" */;
			buildPhases = (
				97A6464E2ACA64E6001009E1 /* Sources */,
				97A6464F2ACA64E6001009E1 /* Frameworks */,
				97A646502ACA64E6001009E1 /* Resources */,
			);
			buildRules = (
			);
			dependencies = (
				97A646542ACA64E6001009E1 /* PBXTargetDependency */,
			);
			name = "Core DrawTests";
			productName = "Core DrawTests";
			productReference = 97A646522ACA64E6001009E1 /* Core DrawTests.xctest */;
			productType = "com.apple.product-type.bundle.unit-test";
		};
		97A6465B2ACA64E6001009E1 /* Core DrawUITests */ = {
			isa = PBXNativeTarget;
			buildConfigurationList = 97A6466C2ACA64E6001009E1 /* Build configuration list for PBXNativeTarget "Core DrawUITests" */;
			buildPhases = (
				97A646582ACA64E6001009E1 /* Sources */,
				97A646592ACA64E6001009E1 /* Frameworks */,
				97A6465A2ACA64E6001009E1 /* Resources */,
			);
			buildRules = (
			);
			dependencies = (
				97A6465E2ACA64E6001009E1 /* PBXTargetDependency */,
			);
			name = "Core DrawUITests";
			productName = "Core DrawUITests";
			productReference = 97A6465C2ACA64E6001009E1 /* Core DrawUITests.xctest */;
			productType = "com.apple.product-type.bundle.ui-testing";
		};
/* End PBXNativeTarget section */

/* Begin PBXProject section */
		97A646392ACA64E4001009E1 /* Project object */ = {
			isa = PBXProject;
			attributes = {
				BuildIndependentTargetsInParallel = 1;
				LastSwiftUpdateCheck = 1500;
				LastUpgradeCheck = 1500;
				TargetAttributes = {
					97A646402ACA64E4001009E1 = {
						CreatedOnToolsVersion = 15.0;
					};
					97A646512ACA64E6001009E1 = {
						CreatedOnToolsVersion = 15.0;
						TestTargetID = 97A646402ACA64E4001009E1;
					};
					97A6465B2ACA64E6001009E1 = {
						CreatedOnToolsVersion = 15.0;
						TestTargetID = 97A646402ACA64E4001009E1;
					};
				};
			};
			buildConfigurationList = 97A6463C2ACA64E4001009E1 /* Build configuration list for PBXProject "Core Draw" */;
			compatibilityVersion = "Xcode 14.0";
			developmentRegion = en;
			hasScannedForEncodings = 0;
			knownRegions = (
				en,
				Base,
			);
			mainGroup = 97A646382ACA64E4001009E1;
			productRefGroup = 97A646422ACA64E4001009E1 /* Products */;
			projectDirPath = "";
			projectRoot = "";
			targets = (
				97A646402ACA64E4001009E1 /* Core Draw */,
				97A646512ACA64E6001009E1 /* Core DrawTests */,
				97A6465B2ACA64E6001009E1 /* Core DrawUITests */,
			);
		};
/* End PBXProject section */

/* Begin PBXResourcesBuildPhase section */
		97A6463F2ACA64E4001009E1 /* Resources */ = {
			isa = PBXResourcesBuildPhase;
			buildActionMask = 2147483647;
			files = (
				97A646492ACA64E6001009E1 /* Assets.xcassets in Resources */,
				97A6464C2ACA64E6001009E1 /* Main.storyboard in Resources */,
			);
			runOnlyForDeploymentPostprocessing = 0;
		};
		97A646502ACA64E6001009E1 /* Resources */ = {
			isa = PBXResourcesBuildPhase;
			buildActionMask = 2147483647;
			files = (
			);
			runOnlyForDeploymentPostprocessing = 0;
		};
		97A6465A2ACA64E6001009E1 /* Resources */ = {
			isa = PBXResourcesBuildPhase;
			buildActionMask = 2147483647;
			files = (
			);
			runOnlyForDeploymentPostprocessing = 0;
		};
/* End PBXResourcesBuildPhase section */

/* Begin PBXSourcesBuildPhase section */
		97A6463D2ACA64E4001009E1 /* Sources */ = {
			isa = PBXSourcesBuildPhase;
			buildActionMask = 2147483647;
			files = (
				97A646472ACA64E4001009E1 /* ViewController.swift in Sources */,
				97A646452ACA64E4001009E1 /* AppDelegate.swift in Sources */,
			);
			runOnlyForDeploymentPostprocessing = 0;
		};
		97A6464E2ACA64E6001009E1 /* Sources */ = {
			isa = PBXSourcesBuildPhase;
			buildActionMask = 2147483647;
			files = (
				97A646572ACA64E6001009E1 /* Core_DrawTests.swift in Sources */,
			);
			runOnlyForDeploymentPostprocessing = 0;
		};
		97A646582ACA64E6001009E1 /* Sources */ = {
			isa = PBXSourcesBuildPhase;
			buildActionMask = 2147483647;
			files = (
				97A646612ACA64E6001009E1 /* Core_DrawUITests.swift in Sources */,
				97A646632ACA64E6001009E1 /* Core_DrawUITestsLaunchTests.swift in Sources */,
			);
			runOnlyForDeploymentPostprocessing = 0;
		};
/* End PBXSourcesBuildPhase section */

/* Begin PBXTargetDependency section */
		97A646542ACA64E6001009E1 /* PBXTargetDependency */ = {
			isa = PBXTargetDependency;
			target = 97A646402ACA64E4001009E1 /* Core Draw */;
			targetProxy = 97A646532ACA64E6001009E1 /* PBXContainerItemProxy */;
		};
		97A6465E2ACA64E6001009E1 /* PBXTargetDependency */ = {
			isa = PBXTargetDependency;
			target = 97A646402ACA64E4001009E1 /* Core Draw */;
			targetProxy = 97A6465D2ACA64E6001009E1 /* PBXContainerItemProxy */;
		};
/* End PBXTargetDependency section */

/* Begin PBXVariantGroup section */
		97A6464A2ACA64E6001009E1 /* Main.storyboard */ = {
			isa = PBXVariantGroup;
			children = (
				97A6464B2ACA64E6001009E1 /* Base */,
			);
			name = Main.storyboard;
			sourceTree = "<group>";
		};
/* End PBXVariantGroup section */

/* Begin XCBuildConfiguration section */
		97A646642ACA64E6001009E1 /* Debug */ = {
			isa = XCBuildConfiguration;
			buildSettings = {
				ALWAYS_SEARCH_USER_PATHS = NO;
				ASSETCATALOG_COMPILER_GENERATE_SWIFT_ASSET_SYMBOL_EXTENSIONS = YES;
				CLANG_ANALYZER_NONNULL = YES;
				CLANG_ANALYZER_NUMBER_OBJECT_CONVERSION = YES_AGGRESSIVE;
				CLANG_CXX_LANGUAGE_STANDARD = "gnu++20";
				CLANG_ENABLE_MODULES = YES;
				CLANG_ENABLE_OBJC_ARC = YES;
				CLANG_ENABLE_OBJC_WEAK = YES;
				CLANG_WARN_BLOCK_CAPTURE_AUTORELEASING = YES;
				CLANG_WARN_BOOL_CONVERSION = YES;
				CLANG_WARN_COMMA = YES;
				CLANG_WARN_CONSTANT_CONVERSION = YES;
				CLANG_WARN_DEPRECATED_OBJC_IMPLEMENTATIONS = YES;
				CLANG_WARN_DIRECT_OBJC_ISA_USAGE = YES_ERROR;
				CLANG_WARN_DOCUMENTATION_COMMENTS = YES;
				CLANG_WARN_EMPTY_BODY = YES;
				CLANG_WARN_ENUM_CONVERSION = YES;
				CLANG_WARN_INFINITE_RECURSION = YES;
				CLANG_WARN_INT_CONVERSION = YES;
				CLANG_WARN_NON_LITERAL_NULL_CONVERSION = YES;
				CLANG_WARN_OBJC_IMPLICIT_RETAIN_SELF = YES;
				CLANG_WARN_OBJC_LITERAL_CONVERSION = YES;
				CLANG_WARN_OBJC_ROOT_CLASS = YES_ERROR;
				CLANG_WARN_QUOTED_INCLUDE_IN_FRAMEWORK_HEADER = YES;
				CLANG_WARN_RANGE_LOOP_ANALYSIS = YES;
				CLANG_WARN_STRICT_PROTOTYPES = YES;
				CLANG_WARN_SUSPICIOUS_MOVE = YES;
				CLANG_WARN_UNGUARDED_AVAILABILITY = YES_AGGRESSIVE;
				CLANG_WARN_UNREACHABLE_CODE = YES;
				CLANG_WARN__DUPLICATE_METHOD_MATCH = YES;
				COPY_PHASE_STRIP = NO;
				DEBUG_INFORMATION_FORMAT = dwarf;
				ENABLE_STRICT_OBJC_MSGSEND = YES;
				ENABLE_TESTABILITY = YES;
				ENABLE_USER_SCRIPT_SANDBOXING = YES;
				GCC_C_LANGUAGE_STANDARD = gnu17;
				GCC_DYNAMIC_NO_PIC = NO;
				GCC_NO_COMMON_BLOCKS = YES;
				GCC_OPTIMIZATION_LEVEL = 0;
				GCC_PREPROCESSOR_DEFINITIONS = (
					"DEBUG=1",
					"$(inherited)",
				);
				GCC_WARN_64_TO_32_BIT_CONVERSION = YES;
				GCC_WARN_ABOUT_RETURN_TYPE = YES_ERROR;
				GCC_WARN_UNDECLARED_SELECTOR = YES;
				GCC_WARN_UNINITIALIZED_AUTOS = YES_AGGRESSIVE;
				GCC_WARN_UNUSED_FUNCTION = YES;
				GCC_WARN_UNUSED_VARIABLE = YES;
				LOCALIZATION_PREFERS_STRING_CATALOGS = YES;
				MACOSX_DEPLOYMENT_TARGET = 14.0;
				MTL_ENABLE_DEBUG_INFO = INCLUDE_SOURCE;
				MTL_FAST_MATH = YES;
				ONLY_ACTIVE_ARCH = YES;
				SDKROOT = macosx;
				SWIFT_ACTIVE_COMPILATION_CONDITIONS = "DEBUG $(inherited)";
				SWIFT_OPTIMIZATION_LEVEL = "-Onone";
			};
			name = Debug;
		};
		97A646652ACA64E6001009E1 /* Release */ = {
			isa = XCBuildConfiguration;
			buildSettings = {
				ALWAYS_SEARCH_USER_PATHS = NO;
				ASSETCATALOG_COMPILER_GENERATE_SWIFT_ASSET_SYMBOL_EXTENSIONS = YES;
				CLANG_ANALYZER_NONNULL = YES;
				CLANG_ANALYZER_NUMBER_OBJECT_CONVERSION = YES_AGGRESSIVE;
				CLANG_CXX_LANGUAGE_STANDARD = "gnu++20";
				CLANG_ENABLE_MODULES = YES;
				CLANG_ENABLE_OBJC_ARC = YES;
				CLANG_ENABLE_OBJC_WEAK = YES;
				CLANG_WARN_BLOCK_CAPTURE_AUTORELEASING = YES;
				CLANG_WARN_BOOL_CONVERSION = YES;
				CLANG_WARN_COMMA = YES;
				CLANG_WARN_CONSTANT_CONVERSION = YES;
				CLANG_WARN_DEPRECATED_OBJC_IMPLEMENTATIONS = YES;
				CLANG_WARN_DIRECT_OBJC_ISA_USAGE = YES_ERROR;
				CLANG_WARN_DOCUMENTATION_COMMENTS = YES;
				CLANG_WARN_EMPTY_BODY = YES;
				CLANG_WARN_ENUM_CONVERSION = YES;
				CLANG_WARN_INFINITE_RECURSION = YES;
				CLANG_WARN_INT_CONVERSION = YES;
				CLANG_WARN_NON_LITERAL_NULL_CONVERSION = YES;
				CLANG_WARN_OBJC_IMPLICIT_RETAIN_SELF = YES;
				CLANG_WARN_OBJC_LITERAL_CONVERSION = YES;
				CLANG_WARN_OBJC_ROOT_CLASS = YES_ERROR;
				CLANG_WARN_QUOTED_INCLUDE_IN_FRAMEWORK_HEADER = YES;
				CLANG_WARN_RANGE_LOOP_ANALYSIS = YES;
				CLANG_WARN_STRICT_PROTOTYPES = YES;
				CLANG_WARN_SUSPICIOUS_MOVE = YES;
				CLANG_WARN_UNGUARDED_AVAILABILITY = YES_AGGRESSIVE;
				CLANG_WARN_UNREACHABLE_CODE = YES;
				CLANG_WARN__DUPLICATE_METHOD_MATCH = YES;
				COPY_PHASE_STRIP = NO;
				DEBUG_INFORMATION_FORMAT = "dwarf-with-dsym";
				ENABLE_NS_ASSERTIONS = NO;
				ENABLE_STRICT_OBJC_MSGSEND = YES;
				ENABLE_USER_SCRIPT_SANDBOXING = YES;
				GCC_C_LANGUAGE_STANDARD = gnu17;
				GCC_NO_COMMON_BLOCKS = YES;
				GCC_WARN_64_TO_32_BIT_CONVERSION = YES;
				GCC_WARN_ABOUT_RETURN_TYPE = YES_ERROR;
				GCC_WARN_UNDECLARED_SELECTOR = YES;
				GCC_WARN_UNINITIALIZED_AUTOS = YES_AGGRESSIVE;
				GCC_WARN_UNUSED_FUNCTION = YES;
				GCC_WARN_UNUSED_VARIABLE = YES;
				LOCALIZATION_PREFERS_STRING_CATALOGS = YES;
				MACOSX_DEPLOYMENT_TARGET = 14.0;
				MTL_ENABLE_DEBUG_INFO = NO;
				MTL_FAST_MATH = YES;
				SDKROOT = macosx;
				SWIFT_COMPILATION_MODE = wholemodule;
			};
			name = Release;
		};
		97A646672ACA64E6001009E1 /* Debug */ = {
			isa = XCBuildConfiguration;
			buildSettings = {
				ASSETCATALOG_COMPILER_APPICON_NAME = AppIcon;
				ASSETCATALOG_COMPILER_GLOBAL_ACCENT_COLOR_NAME = AccentColor;
				CODE_SIGN_ENTITLEMENTS = "Core Draw/Core_Draw.entitlements";
				CODE_SIGN_STYLE = Automatic;
				COMBINE_HIDPI_IMAGES = YES;
				CURRENT_PROJECT_VERSION = 1;
				DEVELOPMENT_TEAM = 7QPZTLEJ7L;
				ENABLE_HARDENED_RUNTIME = YES;
				GENERATE_INFOPLIST_FILE = YES;
				INFOPLIST_KEY_NSHumanReadableCopyright = "";
				INFOPLIST_KEY_NSMainStoryboardFile = Main;
				INFOPLIST_KEY_NSPrincipalClass = NSApplication;
				LD_RUNPATH_SEARCH_PATHS = (
					"$(inherited)",
					"@executable_path/../Frameworks",
				);
				MARKETING_VERSION = 1.0;
				PRODUCT_BUNDLE_IDENTIFIER = "com.gamerocketstudio.Core-Draw";
				PRODUCT_NAME = "$(TARGET_NAME)";
				SWIFT_EMIT_LOC_STRINGS = YES;
				SWIFT_VERSION = 5.0;
			};
			name = Debug;
		};
		97A646682ACA64E6001009E1 /* Release */ = {
			isa = XCBuildConfiguration;
			buildSettings = {
				ASSETCATALOG_COMPILER_APPICON_NAME = AppIcon;
				ASSETCATALOG_COMPILER_GLOBAL_ACCENT_COLOR_NAME = AccentColor;
				CODE_SIGN_ENTITLEMENTS = "Core Draw/Core_Draw.entitlements";
				CODE_SIGN_STYLE = Automatic;
				COMBINE_HIDPI_IMAGES = YES;
				CURRENT_PROJECT_VERSION = 1;
				DEVELOPMENT_TEAM = 7QPZTLEJ7L;
				ENABLE_HARDENED_RUNTIME = YES;
				GENERATE_INFOPLIST_FILE = YES;
				INFOPLIST_KEY_NSHumanReadableCopyright = "";
				INFOPLIST_KEY_NSMainStoryboardFile = Main;
				INFOPLIST_KEY_NSPrincipalClass = NSApplication;
				LD_RUNPATH_SEARCH_PATHS = (
					"$(inherited)",
					"@executable_path/../Frameworks",
				);
				MARKETING_VERSION = 1.0;
				PRODUCT_BUNDLE_IDENTIFIER = "com.gamerocketstudio.Core-Draw";
				PRODUCT_NAME = "$(TARGET_NAME)";
				SWIFT_EMIT_LOC_STRINGS = YES;
				SWIFT_VERSION = 5.0;
			};
			name = Release;
		};
		97A6466A2ACA64E6001009E1 /* Debug */ = {
			isa = XCBuildConfiguration;
			buildSettings = {
				ALWAYS_EMBED_SWIFT_STANDARD_LIBRARIES = YES;
				BUNDLE_LOADER = "$(TEST_HOST)";
				CODE_SIGN_STYLE = Automatic;
				CURRENT_PROJECT_VERSION = 1;
				DEVELOPMENT_TEAM = 7QPZTLEJ7L;
				GENERATE_INFOPLIST_FILE = YES;
				MACOSX_DEPLOYMENT_TARGET = 14.0;
				MARKETING_VERSION = 1.0;
				PRODUCT_BUNDLE_IDENTIFIER = "com.gamerocketstudio.Core-DrawTests";
				PRODUCT_NAME = "$(TARGET_NAME)";
				SWIFT_EMIT_LOC_STRINGS = NO;
				SWIFT_VERSION = 5.0;
				TEST_HOST = "$(BUILT_PRODUCTS_DIR)/Core Draw.app/$(BUNDLE_EXECUTABLE_FOLDER_PATH)/Core Draw";
			};
			name = Debug;
		};
		97A6466B2ACA64E6001009E1 /* Release */ = {
			isa = XCBuildConfiguration;
			buildSettings = {
				ALWAYS_EMBED_SWIFT_STANDARD_LIBRARIES = YES;
				BUNDLE_LOADER = "$(TEST_HOST)";
				CODE_SIGN_STYLE = Automatic;
				CURRENT_PROJECT_VERSION = 1;
				DEVELOPMENT_TEAM = 7QPZTLEJ7L;
				GENERATE_INFOPLIST_FILE = YES;
				MACOSX_DEPLOYMENT_TARGET = 14.0;
				MARKETING_VERSION = 1.0;
				PRODUCT_BUNDLE_IDENTIFIER = "com.gamerocketstudio.Core-DrawTests";
				PRODUCT_NAME = "$(TARGET_NAME)";
				SWIFT_EMIT_LOC_STRINGS = NO;
				SWIFT_VERSION = 5.0;
				TEST_HOST = "$(BUILT_PRODUCTS_DIR)/Core Draw.app/$(BUNDLE_EXECUTABLE_FOLDER_PATH)/Core Draw";
			};
			name = Release;
		};
		97A6466D2ACA64E6001009E1 /* Debug */ = {
			isa = XCBuildConfiguration;
			buildSettings = {
				ALWAYS_EMBED_SWIFT_STANDARD_LIBRARIES = YES;
				CODE_SIGN_STYLE = Automatic;
				CURRENT_PROJECT_VERSION = 1;
				DEVELOPMENT_TEAM = 7QPZTLEJ7L;
				GENERATE_INFOPLIST_FILE = YES;
				MARKETING_VERSION = 1.0;
				PRODUCT_BUNDLE_IDENTIFIER = "com.gamerocketstudio.Core-DrawUITests";
				PRODUCT_NAME = "$(TARGET_NAME)";
				SWIFT_EMIT_LOC_STRINGS = NO;
				SWIFT_VERSION = 5.0;
				TEST_TARGET_NAME = "Core Draw";
			};
			name = Debug;
		};
		97A6466E2ACA64E6001009E1 /* Release */ = {
			isa = XCBuildConfiguration;
			buildSettings = {
				ALWAYS_EMBED_SWIFT_STANDARD_LIBRARIES = YES;
				CODE_SIGN_STYLE = Automatic;
				CURRENT_PROJECT_VERSION = 1;
				DEVELOPMENT_TEAM = 7QPZTLEJ7L;
				GENERATE_INFOPLIST_FILE = YES;
				MARKETING_VERSION = 1.0;
				PRODUCT_BUNDLE_IDENTIFIER = "com.gamerocketstudio.Core-DrawUITests";
				PRODUCT_NAME = "$(TARGET_NAME)";
				SWIFT_EMIT_LOC_STRINGS = NO;
				SWIFT_VERSION = 5.0;
				TEST_TARGET_NAME = "Core Draw";
			};
			name = Release;
		};
/* End XCBuildConfiguration section */

/* Begin XCConfigurationList section */
		97A6463C2ACA64E4001009E1 /* Build configuration list for PBXProject "Core Draw" */ = {
			isa = XCConfigurationList;
			buildConfigurations = (
				97A646642ACA64E6001009E1 /* Debug */,
				97A646652ACA64E6001009E1 /* Release */,
			);
			defaultConfigurationIsVisible = 0;
			defaultConfigurationName = Release;
		};
		97A646662ACA64E6001009E1 /* Build configuration list for PBXNativeTarget "Core Draw" */ = {
			isa = XCConfigurationList;
			buildConfigurations = (
				97A646672ACA64E6001009E1 /* Debug */,
				97A646682ACA64E6001009E1 /* Release */,
			);
			defaultConfigurationIsVisible = 0;
			defaultConfigurationName = Release;
		};
		97A646692ACA64E6001009E1 /* Build configuration list for PBXNativeTarget "Core DrawTests" */ = {
			isa = XCConfigurationList;
			buildConfigurations = (
				97A6466A2ACA64E6001009E1 /* Debug */,
				97A6466B2ACA64E6001009E1 /* Release */,
			);
			defaultConfigurationIsVisible = 0;
			defaultConfigurationName = Release;
		};
		97A6466C2ACA64E6001009E1 /* Build configuration list for PBXNativeTarget "Core DrawUITests" */ = {
			isa = XCConfigurationList;
			buildConfigurations = (
				97A6466D2ACA64E6001009E1 /* Debug */,
				97A6466E2ACA64E6001009E1 /* Release */,
			);
			defaultConfigurationIsVisible = 0;
			defaultConfigurationName = Release;
		};
/* End XCConfigurationList section */
	};
	rootObject = 97A646392ACA64E4001009E1 /* Project object */;
}
